{
  "name": "clinical-ether-flutter",
  "version": "1.0.0",
  "lockfileVersion": 3,
  "requires": true,
  "packages": {
    "": {
      "name": "clinical-ether-flutter",
      "version": "1.0.0",
      "dependencies": {
        "record": "^0.2.0"
      }
    },
    "node_modules/record": {
      "version": "0.2.0",
      "resolved": "https://registry.npmjs.org/record/-/record-0.2.0.tgz",
      "integrity": "sha512-ms5CiDYFZg8v/sJjNvY/pvUETHHCZvyo5gNNHamZCMC0s2aS/uz1EDgYlpDHxzmtUJiGHKL1j0skJwT65NYrEA==",
      "engines": {
        "node": ">= 0.10.0"
      }
    }
  }
}
